{
  "R": {
    "Version": "4.2.2",
    "Repositories": [
      {
        "Name": "CRAN",
        "URL": "https://cloud.r-project.org"
      }
    ]
  },
  "Packages": {
    "BH": {
      "Package": "BH",
      "Version": "1.81.0-1",
      "Source": "Repository",
      "Repository": "CRAN",
      "Hash": "68122010f01c4dcfbe58ce7112f2433d",
      "Requirements": []
    },
    "Brobdingnag": {
      "Package": "Brobdingnag",
      "Version": "1.2-9",
      "Source": "Repository",
      "Repository": "CRAN",
      "Hash": "00077243042334c50b74cdfafe172870",
      "Requirements": [
        "Matrix"
      ]
    },
    "DT": {
      "Package": "DT",
      "Version": "0.29",
      "Source": "Repository",
      "Repository": "CRAN",
      "Hash": "02f42b77a951a5ea7c891ef5c187d774",
      "Requirements": [
        "crosstalk",
        "htmltools",
        "htmlwidgets",
        "httpuv",
        "jquerylib",
        "jsonlite",
        "magrittr",
        "promises"
      ]
    },
    "MASS": {
      "Package": "MASS",
      "Version": "7.3-60",
      "Source": "Repository",
      "Repository": "CRAN",
      "Hash": "a56a6365b3fa73293ea8d084be0d9bb0",
      "Requirements": []
    },
    "Matrix": {
      "Package": "Matrix",
      "Version": "1.6-1.1",
      "Source": "Repository",
      "Repository": "CRAN",
      "Hash": "1a00d4828f33a9d690806e98bd17150c",
      "Requirements": [
        "lattice"
      ]
    },
    "QuickJSR": {
      "Package": "QuickJSR",
      "Version": "1.0.6",
      "Source": "Repository",
      "Repository": "CRAN",
      "Hash": "6ded66fbe724abcec064fb15f626a0e4",
      "Requirements": [
        "R6",
        "Rcpp",
        "jsonlite"
      ]
    },
    "R6": {
      "Package": "R6",
      "Version": "2.5.1",
      "Source": "Repository",
      "Repository": "CRAN",
      "Hash": "470851b6d5d0ac559e9d01bb352b4021",
      "Requirements": []
    },
    "RColorBrewer": {
      "Package": "RColorBrewer",
      "Version": "1.1-3",
      "Source": "Repository",
      "Repository": "CRAN",
      "Hash": "45f0398006e83a5b10b72a90663d8d8c",
      "Requirements": []
    },
    "Rcpp": {
      "Package": "Rcpp",
      "Version": "1.0.11",
      "Source": "Repository",
      "Repository": "CRAN",
      "Hash": "ae6cbbe1492f4de79c45fce06f967ce8",
      "Requirements": []
    },
    "RcppEigen": {
      "Package": "RcppEigen",
      "Version": "0.3.3.9.3",
      "Source": "Repository",
      "Repository": "CRAN",
      "Hash": "1e035db628cefb315c571202d70202fe",
      "Requirements": [
        "Matrix",
        "Rcpp"
      ]
    },
    "RcppParallel": {
      "Package": "RcppParallel",
      "Version": "5.1.7",
      "Source": "Repository",
      "Repository": "CRAN",
      "Hash": "a45594a00f5dbb073d5ec9f48592a08a",
      "Requirements": []
    },
    "SBC": {
      "Package": "SBC",
      "Version": "0.2.0.9000",
      "Source": "GitHub",
      "RemoteType": "github",
      "RemoteHost": "api.github.com",
      "RemoteUsername": "hyunjimoon",
      "RemoteRepo": "SBC",
      "RemoteRef": "master",
      "RemoteSha": "8af581c79fbd52098051a537611cdcce4ea48a72",
      "Hash": "7921c15d5a090fa6defdace156249878",
      "Requirements": [
        "R6",
        "abind",
        "dplyr",
        "future.apply",
        "ggplot2",
        "memoise",
        "posterior",
        "purrr",
        "stringi",
        "tidyr",
        "tidyselect"
      ]
    },
    "StanHeaders": {
      "Package": "StanHeaders",
      "Version": "2.26.28",
      "Source": "Repository",
      "Repository": "CRAN",
      "Hash": "35b5aee9ec9507aca2e021997a9e557e",
      "Requirements": [
        "RcppEigen",
        "RcppParallel"
      ]
    },
    "V8": {
      "Package": "V8",
      "Version": "4.2.2",
      "Source": "Repository",
      "Repository": "CRAN",
      "Hash": "ebee37dadb0a8f5086663825d2c33076",
      "Requirements": [
        "Rcpp",
        "curl",
        "jsonlite"
      ]
    },
    "abind": {
      "Package": "abind",
      "Version": "1.4-5",
      "Source": "Repository",
      "Repository": "CRAN",
      "Hash": "4f57884290cc75ab22f4af9e9d4ca862",
      "Requirements": []
    },
    "anytime": {
      "Package": "anytime",
      "Version": "0.3.9",
      "Source": "Repository",
      "Repository": "CRAN",
      "Hash": "74a64813f17b492da9c6afda6b128e3d",
      "Requirements": [
        "BH",
        "Rcpp"
      ]
    },
    "arrayhelpers": {
      "Package": "arrayhelpers",
      "Version": "1.1-0",
      "Source": "Repository",
      "Repository": "CRAN",
      "Hash": "3d4e52d458784c335af3846f2de64f75",
      "Requirements": [
        "svUnit"
      ]
    },
    "askpass": {
      "Package": "askpass",
      "Version": "1.1",
      "Source": "Repository",
      "Repository": "CRAN",
      "Hash": "e8a22846fff485f0be3770c2da758713",
      "Requirements": [
        "sys"
      ]
    },
    "backports": {
      "Package": "backports",
      "Version": "1.4.1",
      "Source": "Repository",
      "Repository": "CRAN",
      "Hash": "c39fbec8a30d23e721980b8afb31984c",
      "Requirements": []
    },
    "base64enc": {
      "Package": "base64enc",
      "Version": "0.1-3",
      "Source": "Repository",
      "Repository": "CRAN",
      "Hash": "543776ae6848fde2f48ff3816d0628bc",
      "Requirements": []
    },
    "base64url": {
      "Package": "base64url",
      "Version": "1.4",
      "Source": "Repository",
      "Repository": "CRAN",
      "Hash": "0c54cf3a08cc0e550fbd64ad33166143",
      "Requirements": [
        "backports"
      ]
    },
    "bayesplot": {
      "Package": "bayesplot",
      "Version": "1.10.0",
      "Source": "Repository",
      "Repository": "CRAN",
      "Hash": "9c4f6ab31da906185d23e69a88595cf7",
      "Requirements": [
        "dplyr",
        "ggplot2",
        "ggridges",
        "glue",
        "posterior",
        "reshape2",
        "rlang",
        "tibble",
        "tidyselect"
      ]
    },
    "bigD": {
      "Package": "bigD",
      "Version": "0.2.0",
      "Source": "Repository",
      "Repository": "CRAN",
      "Hash": "93637e906f3fe962413912c956eb44db",
      "Requirements": []
    },
    "binom": {
      "Package": "binom",
      "Version": "1.1-1.1",
      "Source": "Repository",
      "Repository": "CRAN",
      "Hash": "c2f4ef4ce8029c1131de4400bcabcbf7",
      "Requirements": []
    },
    "bitops": {
      "Package": "bitops",
      "Version": "1.0-7",
      "Source": "Repository",
      "Repository": "CRAN",
      "Hash": "b7d8d8ee39869c18d8846a184dd8a1af",
      "Requirements": []
    },
    "bridgesampling": {
      "Package": "bridgesampling",
      "Version": "1.1-2",
      "Source": "Repository",
      "Repository": "CRAN",
      "Hash": "a64d4be61a31696fec80dc24cef69a9c",
      "Requirements": [
        "Brobdingnag",
        "Matrix",
        "coda",
        "mvtnorm",
        "scales",
        "stringr"
      ]
    },
    "brms": {
      "Package": "brms",
      "Version": "2.20.3",
      "Source": "Repository",
      "Repository": "CRAN",
      "Hash": "8ca13a1360af452fc19eaa212e77c22d",
      "Requirements": [
        "Matrix",
        "Rcpp",
        "abind",
        "backports",
        "bayesplot",
        "bridgesampling",
        "coda",
        "future",
        "ggplot2",
        "glue",
        "loo",
        "matrixStats",
        "mgcv",
        "nleqslv",
        "nlme",
        "posterior",
        "rlang",
        "rstan",
        "rstantools",
        "shinystan"
      ]
    },
    "brms.mmrm": {
      "Package": "brms.mmrm",
      "Version": "0.0.2.9001",
      "Source": "GitHub",
      "RemoteType": "github",
      "RemoteHost": "api.github.com",
      "RemoteUsername": "openpharma",
      "RemoteRepo": "brms.mmrm",
      "RemoteRef": "main",
      "RemoteSha": "d6e3c0d9aeee2ed3becc833662521ceeb37c80fa",
      "Hash": "8c1595754a51b7387a407a1712ee8a1c",
      "Requirements": [
        "MASS",
        "brms",
        "coda",
        "dplyr",
        "emmeans",
        "ggplot2",
        "ggridges",
        "posterior",
        "purrr",
        "rlang",
        "tibble",
        "tidyr",
        "tidyselect",
        "trialr",
        "zoo"
      ]
    },
    "bs4Dash": {
      "Package": "bs4Dash",
      "Version": "2.1.0",
      "Source": "Repository",
      "Repository": "CRAN",
      "Hash": "cca14515876425caa963eb95f52e4564",
      "Requirements": [
        "bslib",
        "fresh",
        "htmltools",
        "httpuv",
        "httr",
        "jsonlite",
        "lifecycle",
        "shiny",
        "waiter"
      ]
    },
    "bslib": {
      "Package": "bslib",
      "Version": "0.5.1",
      "Source": "Repository",
      "Repository": "CRAN",
      "Hash": "283015ddfbb9d7bf15ea9f0b5698f0d9",
      "Requirements": [
        "base64enc",
        "cachem",
        "htmltools",
        "jquerylib",
        "jsonlite",
        "memoise",
        "mime",
        "rlang",
        "sass"
      ]
    },
    "cachem": {
      "Package": "cachem",
      "Version": "1.0.8",
      "Source": "Repository",
      "Repository": "CRAN",
      "Hash": "c35768291560ce302c0a6589f92e837d",
      "Requirements": [
        "fastmap",
        "rlang"
      ]
    },
    "callr": {
      "Package": "callr",
      "Version": "3.7.3",
      "Source": "Repository",
      "Repository": "CRAN",
      "Hash": "9b2191ede20fa29828139b9900922e51",
      "Requirements": [
        "R6",
        "processx"
      ]
    },
    "checkmate": {
      "Package": "checkmate",
      "Version": "2.2.0",
      "Source": "Repository",
      "Repository": "CRAN",
      "Hash": "ca9c113196136f4a9ca9ce6079c2c99e",
      "Requirements": [
        "backports"
      ]
    },
    "cli": {
      "Package": "cli",
      "Version": "3.6.1",
      "Source": "Repository",
      "Repository": "CRAN",
      "Hash": "89e6d8219950eac806ae0c489052048a",
      "Requirements": []
    },
    "clustermq": {
      "Package": "clustermq",
      "Version": "0.8.95.3",
      "Source": "Repository",
      "Repository": "CRAN",
      "Hash": "a9cbe19a941c943dd57b0a602b500437",
      "Requirements": [
        "R6",
        "Rcpp",
        "narray",
        "progress",
        "purrr"
      ]
    },
    "cmdstanr": {
      "Package": "cmdstanr",
      "Version": "0.6.1",
      "Source": "unknown",
      "Hash": "56a08cc593fc5ddc263342209e5d1e14",
      "Requirements": [
        "R6",
        "checkmate",
        "data.table",
        "jsonlite",
        "posterior",
        "processx",
        "withr"
      ]
    },
    "coda": {
      "Package": "coda",
      "Version": "0.19-4",
      "Source": "Repository",
      "Repository": "CRAN",
      "Hash": "24b6d006b8b2343876cf230687546932",
      "Requirements": [
        "lattice"
      ]
    },
    "codetools": {
      "Package": "codetools",
      "Version": "0.2-19",
      "Source": "Repository",
      "Repository": "CRAN",
      "Hash": "c089a619a7fae175d149d89164f8c7d8",
      "Requirements": []
    },
    "colorspace": {
      "Package": "colorspace",
      "Version": "2.1-0",
      "Source": "Repository",
      "Repository": "CRAN",
      "Hash": "f20c47fd52fae58b4e377c37bb8c335b",
      "Requirements": []
    },
    "colourpicker": {
      "Package": "colourpicker",
      "Version": "1.3.0",
      "Source": "Repository",
      "Repository": "CRAN",
      "Hash": "daec8f7d4ba89df06fe2c0802c3a9dac",
      "Requirements": [
        "ggplot2",
        "htmltools",
        "htmlwidgets",
        "jsonlite",
        "miniUI",
        "shiny",
        "shinyjs"
      ]
    },
    "commonmark": {
      "Package": "commonmark",
      "Version": "1.9.0",
      "Source": "Repository",
      "Repository": "CRAN",
      "Hash": "d691c61bff84bd63c383874d2d0c3307",
      "Requirements": []
    },
    "cpp11": {
      "Package": "cpp11",
      "Version": "0.4.6",
      "Source": "Repository",
      "Repository": "CRAN",
      "Hash": "707fae4bbf73697ec8d85f9d7076c061",
      "Requirements": []
    },
    "crayon": {
      "Package": "crayon",
      "Version": "1.5.2",
      "Source": "Repository",
      "Repository": "CRAN",
      "Hash": "e8a1e41acf02548751f45c718d55aa6a",
      "Requirements": []
    },
    "crew": {
      "Package": "crew",
      "Version": "0.5.0.9002",
      "Source": "GitHub",
      "RemoteType": "github",
      "RemoteHost": "api.github.com",
      "RemoteUsername": "wlandau",
      "RemoteRepo": "crew",
      "RemoteRef": "main",
      "RemoteSha": "78fbe935446cc31fae1094862b7ad16f0cc00d33",
      "Hash": "9754f57530f4088ec16141dcd767dc23",
      "Requirements": [
        "R6",
        "data.table",
        "getip",
        "mirai",
        "nanonext",
        "processx",
        "ps",
        "rlang",
        "tibble",
        "tidyselect"
      ]
    },
    "crew.cluster": {
      "Package": "crew.cluster",
      "Version": "0.1.2.9000",
      "Source": "GitHub",
      "RemoteType": "github",
      "RemoteHost": "api.github.com",
      "RemoteUsername": "wlandau",
      "RemoteRepo": "crew.cluster",
      "RemoteRef": "main",
      "RemoteSha": "8557bf36973910d2632eaf0682f2fa87efc2211c",
      "Hash": "dc53058c6009407246b0fc31135df604",
      "Requirements": [
        "R6",
        "crew",
        "lifecycle",
        "rlang"
      ]
    },
    "crosstalk": {
      "Package": "crosstalk",
      "Version": "1.2.0",
      "Source": "Repository",
      "Repository": "CRAN",
      "Hash": "6aa54f69598c32177e920eb3402e8293",
      "Requirements": [
        "R6",
        "htmltools",
        "jsonlite",
        "lazyeval"
      ]
    },
    "curl": {
      "Package": "curl",
      "Version": "4.3.3",
      "Source": "Repository",
      "Repository": "CRAN",
      "Hash": "0eb86baa62f06e8855258fa5a8048667",
      "Requirements": []
    },
    "data.table": {
      "Package": "data.table",
      "Version": "1.14.6",
      "Source": "Repository",
      "Repository": "CRAN",
      "Hash": "aecef50008ea7b57c76f1cb5c127fb02",
      "Requirements": []
    },
    "desc": {
      "Package": "desc",
      "Version": "1.4.2",
      "Source": "Repository",
      "Repository": "CRAN",
      "Hash": "6b9602c7ebbe87101a9c8edb6e8b6d21",
      "Requirements": [
        "R6",
        "cli",
        "rprojroot"
      ]
    },
    "digest": {
      "Package": "digest",
      "Version": "0.6.33",
      "Source": "Repository",
      "Repository": "CRAN",
      "Hash": "b18a9cf3c003977b0cc49d5e76ebe48d",
      "Requirements": []
    },
    "distributional": {
      "Package": "distributional",
      "Version": "0.3.2",
      "Source": "Repository",
      "Repository": "CRAN",
      "Hash": "0a94c3c917918a1c90f4609171ff41b6",
      "Requirements": [
        "digest",
        "farver",
        "generics",
        "ggplot2",
        "lifecycle",
        "numDeriv",
        "rlang",
        "scales",
        "vctrs"
      ]
    },
    "dplyr": {
      "Package": "dplyr",
      "Version": "1.1.3",
      "Source": "Repository",
      "Repository": "CRAN",
      "Hash": "e85ffbebaad5f70e1a2e2ef4302b4949",
      "Requirements": [
        "R6",
        "cli",
        "generics",
        "glue",
        "lifecycle",
        "magrittr",
        "pillar",
        "rlang",
        "tibble",
        "tidyselect",
        "vctrs"
      ]
    },
    "dygraphs": {
      "Package": "dygraphs",
      "Version": "1.1.1.6",
      "Source": "Repository",
      "Repository": "CRAN",
      "Hash": "716869fffc16e282c118f8894e082a7d",
      "Requirements": [
        "htmltools",
        "htmlwidgets",
        "magrittr",
        "xts",
        "zoo"
      ]
    },
    "ellipsis": {
      "Package": "ellipsis",
      "Version": "0.3.2",
      "Source": "Repository",
      "Repository": "CRAN",
      "Hash": "bb0eec2fe32e88d9e2836c2f73ea2077",
      "Requirements": [
        "rlang"
      ]
    },
    "emmeans": {
      "Package": "emmeans",
      "Version": "1.8.8",
      "Source": "Repository",
      "Repository": "CRAN",
      "Hash": "1f74dbb608b24135dde896f84a2d117b",
      "Requirements": [
        "estimability",
        "mvtnorm",
        "numDeriv"
      ]
    },
    "estimability": {
      "Package": "estimability",
      "Version": "1.4.1",
      "Source": "Repository",
      "Repository": "CRAN",
      "Hash": "1a78288c1188772070240b89ffe33579",
      "Requirements": []
    },
    "evaluate": {
      "Package": "evaluate",
      "Version": "0.21",
      "Source": "Repository",
      "Repository": "CRAN",
      "Hash": "d59f3b464e8da1aef82dc04b588b8dfb",
      "Requirements": []
    },
    "fansi": {
      "Package": "fansi",
      "Version": "1.0.4",
      "Source": "Repository",
      "Repository": "CRAN",
      "Hash": "1d9e7ad3c8312a192dea7d3db0274fde",
      "Requirements": []
    },
    "farver": {
      "Package": "farver",
      "Version": "2.1.1",
      "Source": "Repository",
      "Repository": "CRAN",
      "Hash": "8106d78941f34855c440ddb946b8f7a5",
      "Requirements": []
    },
    "fastmap": {
      "Package": "fastmap",
      "Version": "1.1.1",
      "Source": "Repository",
      "Repository": "CRAN",
      "Hash": "f7736a18de97dea803bde0a2daaafb27",
      "Requirements": []
    },
    "fontawesome": {
      "Package": "fontawesome",
      "Version": "0.5.2",
      "Source": "Repository",
      "Repository": "CRAN",
      "Hash": "c2efdd5f0bcd1ea861c2d4e2a883a67d",
      "Requirements": [
        "htmltools",
        "rlang"
      ]
    },
    "fresh": {
      "Package": "fresh",
      "Version": "0.2.0",
      "Source": "Repository",
      "Repository": "CRAN",
      "Hash": "fa54367040deb4537da49b7ac0ee5770",
      "Requirements": [
        "htmltools",
        "rstudioapi",
        "sass",
        "shiny"
      ]
    },
    "fs": {
      "Package": "fs",
      "Version": "1.6.3",
      "Source": "Repository",
      "Repository": "CRAN",
      "Hash": "47b5f30c720c23999b913a1a635cf0bb",
      "Requirements": []
    },
    "future": {
      "Package": "future",
      "Version": "1.33.0",
      "Source": "Repository",
      "Repository": "CRAN",
      "Hash": "8e92c7bc53e91b9bb1faf9a6ef0e8514",
      "Requirements": [
        "digest",
        "globals",
        "listenv",
        "parallelly"
      ]
    },
    "future.apply": {
      "Package": "future.apply",
      "Version": "1.10.0",
      "Source": "Repository",
      "Repository": "CRAN",
      "Hash": "a930c9ddc317f898e6f5bed7be8dd322",
      "Requirements": [
        "future",
        "globals"
      ]
    },
    "generics": {
      "Package": "generics",
      "Version": "0.1.3",
      "Source": "Repository",
      "Repository": "CRAN",
      "Hash": "15e9634c0fcd294799e9b2e929ed1b86",
      "Requirements": []
    },
    "getip": {
      "Package": "getip",
      "Version": "0.1-3",
      "Source": "Repository",
      "Repository": "CRAN",
      "Hash": "ceb49d19444b9b3acfce8ee34e23e2f5",
      "Requirements": []
    },
    "ggdist": {
      "Package": "ggdist",
      "Version": "3.3.0",
      "Source": "Repository",
      "Repository": "CRAN",
      "Hash": "d988f7c103c4354489f42e42e4889f9c",
      "Requirements": [
        "cli",
        "distributional",
        "dplyr",
        "ggplot2",
        "glue",
        "numDeriv",
        "quadprog",
        "rlang",
        "scales",
        "tibble",
        "tidyselect",
        "vctrs",
        "withr"
      ]
    },
    "ggplot2": {
      "Package": "ggplot2",
      "Version": "3.4.3",
      "Source": "Repository",
      "Repository": "CRAN",
      "Hash": "85846544c596e71f8f46483ab165da33",
      "Requirements": [
        "MASS",
        "cli",
        "glue",
        "gtable",
        "isoband",
        "lifecycle",
        "mgcv",
        "rlang",
        "scales",
        "tibble",
        "vctrs",
        "withr"
      ]
    },
    "ggridges": {
      "Package": "ggridges",
      "Version": "0.5.4",
      "Source": "Repository",
      "Repository": "CRAN",
      "Hash": "c76ee8fe60939384b9726128e38caea0",
      "Requirements": [
        "ggplot2",
        "scales",
        "withr"
      ]
    },
    "globals": {
      "Package": "globals",
      "Version": "0.16.2",
      "Source": "Repository",
      "Repository": "CRAN",
      "Hash": "baa9585ab4ce47a9f4618e671778cc6f",
      "Requirements": [
        "codetools"
      ]
    },
    "glue": {
      "Package": "glue",
      "Version": "1.6.2",
      "Source": "Repository",
      "Repository": "CRAN",
      "Hash": "4f2596dfb05dac67b9dc558e5c6fba2e",
      "Requirements": []
    },
    "gridExtra": {
      "Package": "gridExtra",
      "Version": "2.3",
      "Source": "Repository",
      "Repository": "CRAN",
      "Hash": "7d7f283939f563670a697165b2cf5560",
      "Requirements": [
        "gtable"
      ]
    },
    "gt": {
      "Package": "gt",
      "Version": "0.8.0",
      "Source": "Repository",
      "Repository": "CRAN",
      "Hash": "d100be8d1f54dc589cc8d63366839287",
      "Requirements": [
        "base64enc",
        "bigD",
        "bitops",
        "cli",
        "commonmark",
        "dplyr",
        "fs",
        "ggplot2",
        "glue",
        "htmltools",
        "juicyjuice",
        "magrittr",
        "rlang",
        "sass",
        "scales",
        "tibble",
        "tidyselect"
      ]
    },
    "gtable": {
      "Package": "gtable",
      "Version": "0.3.4",
      "Source": "Repository",
      "Repository": "CRAN",
      "Hash": "b29cf3031f49b04ab9c852c912547eef",
      "Requirements": [
        "cli",
        "glue",
        "lifecycle",
        "rlang"
      ]
    },
    "gtools": {
      "Package": "gtools",
      "Version": "3.9.4",
      "Source": "Repository",
      "Repository": "CRAN",
      "Hash": "88bb96eaf7140cdf29e374ef74182220",
      "Requirements": []
    },
    "highr": {
      "Package": "highr",
      "Version": "0.10",
      "Source": "Repository",
      "Repository": "CRAN",
      "Hash": "06230136b2d2b9ba5805e1963fa6e890",
      "Requirements": [
        "xfun"
      ]
    },
    "hms": {
      "Package": "hms",
      "Version": "1.1.2",
      "Source": "Repository",
      "Repository": "CRAN",
      "Hash": "41100392191e1244b887878b533eea91",
      "Requirements": [
        "ellipsis",
        "lifecycle",
        "pkgconfig",
        "rlang",
        "vctrs"
      ]
    },
    "htmltools": {
      "Package": "htmltools",
      "Version": "0.5.6",
      "Source": "Repository",
      "Repository": "CRAN",
      "Hash": "a2326a66919a3311f7fbb1e3bf568283",
      "Requirements": [
        "base64enc",
        "digest",
        "ellipsis",
        "fastmap",
        "rlang"
      ]
    },
    "htmlwidgets": {
      "Package": "htmlwidgets",
      "Version": "1.6.2",
      "Source": "Repository",
      "Repository": "CRAN",
      "Hash": "a865aa85bcb2697f47505bfd70422471",
      "Requirements": [
        "htmltools",
        "jsonlite",
        "knitr",
        "rmarkdown",
        "yaml"
      ]
    },
    "httpuv": {
      "Package": "httpuv",
      "Version": "1.6.11",
      "Source": "Repository",
      "Repository": "CRAN",
      "Hash": "838602f54e32c1a0f8cc80708cefcefa",
      "Requirements": [
        "R6",
        "Rcpp",
        "later",
        "promises"
      ]
    },
    "httr": {
      "Package": "httr",
      "Version": "1.4.4",
      "Source": "Repository",
      "Repository": "CRAN",
      "Hash": "57557fac46471f0dbbf44705cc6a5c8c",
      "Requirements": [
        "R6",
        "curl",
        "jsonlite",
        "mime",
        "openssl"
      ]
    },
    "igraph": {
      "Package": "igraph",
      "Version": "1.5.1",
      "Source": "Repository",
      "Repository": "CRAN",
      "Hash": "80401cb5ec513e8ddc56764d03f63669",
      "Requirements": [
        "Matrix",
        "cli",
        "cpp11",
        "lifecycle",
        "magrittr",
        "pkgconfig",
        "rlang"
      ]
    },
    "inline": {
      "Package": "inline",
      "Version": "0.3.19",
      "Source": "Repository",
      "Repository": "CRAN",
      "Hash": "1deaf1de3eac7e1d3377954b3a283652",
      "Requirements": []
    },
    "isoband": {
      "Package": "isoband",
      "Version": "0.2.7",
      "Source": "Repository",
      "Repository": "CRAN",
      "Hash": "0080607b4a1a7b28979aecef976d8bc2",
      "Requirements": []
    },
    "jquerylib": {
      "Package": "jquerylib",
      "Version": "0.1.4",
      "Source": "Repository",
      "Repository": "CRAN",
      "Hash": "5aab57a3bd297eee1c1d862735972182",
      "Requirements": [
        "htmltools"
      ]
    },
    "jsonlite": {
      "Package": "jsonlite",
      "Version": "1.8.7",
      "Source": "Repository",
      "Repository": "CRAN",
      "Hash": "266a20443ca13c65688b2116d5220f76",
      "Requirements": []
    },
    "juicyjuice": {
      "Package": "juicyjuice",
      "Version": "0.1.0",
      "Source": "Repository",
      "Repository": "CRAN",
      "Hash": "3bcd11943da509341838da9399e18bce",
      "Requirements": [
        "V8"
      ]
    },
    "knitr": {
      "Package": "knitr",
      "Version": "1.44",
      "Source": "Repository",
      "Repository": "CRAN",
      "Hash": "60885b9f746c9dfaef110d070b5f7dc0",
      "Requirements": [
        "evaluate",
        "highr",
        "xfun",
        "yaml"
      ]
    },
    "labeling": {
      "Package": "labeling",
      "Version": "0.4.3",
      "Source": "Repository",
      "Repository": "CRAN",
      "Hash": "b64ec208ac5bc1852b285f665d6368b3",
      "Requirements": []
    },
    "later": {
      "Package": "later",
      "Version": "1.3.1",
      "Source": "Repository",
      "Repository": "CRAN",
      "Hash": "40401c9cf2bc2259dfe83311c9384710",
      "Requirements": [
        "Rcpp",
        "rlang"
      ]
    },
    "lattice": {
      "Package": "lattice",
      "Version": "0.21-8",
      "Source": "Repository",
      "Repository": "CRAN",
      "Hash": "0b8a6d63c8770f02a8b5635f3c431e6b",
      "Requirements": []
    },
    "lazyeval": {
      "Package": "lazyeval",
      "Version": "0.2.2",
      "Source": "Repository",
      "Repository": "CRAN",
      "Hash": "d908914ae53b04d4c0c0fd72ecc35370",
      "Requirements": []
    },
    "lifecycle": {
      "Package": "lifecycle",
      "Version": "1.0.3",
      "Source": "Repository",
      "Repository": "CRAN",
      "Hash": "001cecbeac1cff9301bdc3775ee46a86",
      "Requirements": [
        "cli",
        "glue",
        "rlang"
      ]
    },
    "listenv": {
      "Package": "listenv",
      "Version": "0.9.0",
      "Source": "Repository",
      "Repository": "CRAN",
      "Hash": "4fbd3679ec8ee169ba28d4b1ea7d0e8f",
      "Requirements": []
    },
    "loo": {
      "Package": "loo",
      "Version": "2.6.0",
      "Source": "Repository",
      "Repository": "CRAN",
      "Hash": "e5c8f41731502a0e98f353da23f7ca30",
      "Requirements": [
        "checkmate",
        "matrixStats"
      ]
    },
    "magrittr": {
      "Package": "magrittr",
      "Version": "2.0.3",
      "Source": "Repository",
      "Repository": "CRAN",
      "Hash": "7ce2733a9826b3aeb1775d56fd305472",
      "Requirements": []
    },
    "markdown": {
      "Package": "markdown",
      "Version": "1.8",
      "Source": "Repository",
      "Repository": "CRAN",
      "Hash": "93cecf1e5f828d0fc1605a00ad48e3a2",
      "Requirements": [
        "commonmark",
        "xfun"
      ]
    },
    "matrixStats": {
      "Package": "matrixStats",
      "Version": "1.0.0",
      "Source": "Repository",
      "Repository": "CRAN",
      "Hash": "9143629fd64335aac6a6250d1c1ed82a",
      "Requirements": []
    },
    "memoise": {
      "Package": "memoise",
      "Version": "2.0.1",
      "Source": "Repository",
      "Repository": "CRAN",
      "Hash": "e2817ccf4a065c5d9d7f2cfbe7c1d78c",
      "Requirements": [
        "cachem",
        "rlang"
      ]
    },
    "mgcv": {
      "Package": "mgcv",
      "Version": "1.9-0",
      "Source": "Repository",
      "Repository": "CRAN",
      "Hash": "086028ca0460d0c368028d3bda58f31b",
      "Requirements": [
        "Matrix",
        "nlme"
      ]
    },
    "mime": {
      "Package": "mime",
      "Version": "0.12",
      "Source": "Repository",
      "Repository": "CRAN",
      "Hash": "18e9c28c1d3ca1560ce30658b22ce104",
      "Requirements": []
    },
    "miniUI": {
      "Package": "miniUI",
      "Version": "0.1.1.1",
      "Source": "Repository",
      "Repository": "CRAN",
      "Hash": "fec5f52652d60615fdb3957b3d74324a",
      "Requirements": [
        "htmltools",
        "shiny"
      ]
    },
    "mirai": {
      "Package": "mirai",
      "Version": "0.10.0.9011",
      "Source": "GitHub",
      "RemoteType": "github",
      "RemoteHost": "api.github.com",
      "RemoteUsername": "shikokuchuo",
      "RemoteRepo": "mirai",
      "RemoteRef": "main",
      "RemoteSha": "2f1b0ab2fcf55d5ce25fb15f9f7a5b28e522cf56",
      "Hash": "0b8d5bff14cdf90f501fd1ba664c0cfe",
      "Requirements": [
        "nanonext"
      ]
    },
    "munsell": {
      "Package": "munsell",
      "Version": "0.5.0",
      "Source": "Repository",
      "Repository": "CRAN",
      "Hash": "6dfe8bf774944bd5595785e3229d8771",
      "Requirements": [
        "colorspace"
      ]
    },
    "mvtnorm": {
      "Package": "mvtnorm",
      "Version": "1.2-3",
      "Source": "Repository",
      "Repository": "CRAN",
      "Hash": "463b268710930f7bffef33147400966a",
      "Requirements": []
    },
    "nanonext": {
      "Package": "nanonext",
      "Version": "0.10.0.9009",
      "Source": "GitHub",
      "RemoteType": "github",
      "RemoteHost": "api.github.com",
      "RemoteRepo": "nanonext",
      "RemoteUsername": "shikokuchuo",
      "RemoteRef": "HEAD",
      "RemoteSha": "cb6f008c1c3818e378af1eb7bd1812ffc1131d7d",
      "Hash": "69e95e3d5b3086259c7db270ca5011e6",
      "Requirements": []
    },
    "narray": {
      "Package": "narray",
      "Version": "0.5.1",
      "Source": "Repository",
      "Repository": "CRAN",
      "Hash": "7ec5a2396d3c9ad4374495283dfcdc83",
      "Requirements": [
        "Rcpp",
        "progress",
        "stringr"
      ]
    },
    "nleqslv": {
      "Package": "nleqslv",
      "Version": "3.3.4",
      "Source": "Repository",
      "Repository": "CRAN",
      "Hash": "5825e6b8a2474066c5e7601a93ed1f17",
      "Requirements": []
    },
    "nlme": {
      "Package": "nlme",
      "Version": "3.1-163",
      "Source": "Repository",
      "Repository": "CRAN",
      "Hash": "8d1938040a05566f4f7a14af4feadd6b",
      "Requirements": [
        "lattice"
      ]
    },
    "numDeriv": {
      "Package": "numDeriv",
      "Version": "2016.8-1.1",
      "Source": "Repository",
      "Repository": "CRAN",
      "Hash": "df58958f293b166e4ab885ebcad90e02",
      "Requirements": []
    },
    "openssl": {
      "Package": "openssl",
      "Version": "2.0.5",
      "Source": "Repository",
      "Repository": "CRAN",
      "Hash": "b04c27110bf367b4daa93f34f3d58e75",
      "Requirements": [
        "askpass"
      ]
    },
    "parallelly": {
      "Package": "parallelly",
      "Version": "1.36.0",
      "Source": "Repository",
      "Repository": "CRAN",
      "Hash": "bca377e1c87ec89ebed77bba00635b2e",
      "Requirements": []
    },
    "pillar": {
      "Package": "pillar",
      "Version": "1.9.0",
      "Source": "Repository",
      "Repository": "CRAN",
      "Hash": "15da5a8412f317beeee6175fbc76f4bb",
      "Requirements": [
        "cli",
        "fansi",
        "glue",
        "lifecycle",
        "rlang",
        "utf8",
        "vctrs"
      ]
    },
    "pingr": {
      "Package": "pingr",
      "Version": "2.0.2",
      "Source": "Repository",
      "Repository": "CRAN",
      "Hash": "b762f8f7d305f7eb0bab96eb1a3c782a",
      "Requirements": [
        "processx"
      ]
    },
    "pkgbuild": {
      "Package": "pkgbuild",
      "Version": "1.4.2",
      "Source": "Repository",
      "Repository": "CRAN",
      "Hash": "beb25b32a957a22a5c301a9e441190b3",
      "Requirements": [
        "R6",
        "callr",
        "cli",
        "crayon",
        "desc",
        "prettyunits",
        "processx",
        "rprojroot"
      ]
    },
    "pkgconfig": {
      "Package": "pkgconfig",
      "Version": "2.0.3",
      "Source": "Repository",
      "Repository": "CRAN",
      "Hash": "01f28d4278f15c76cddbea05899c5d6f",
      "Requirements": []
    },
    "plyr": {
      "Package": "plyr",
      "Version": "1.8.8",
      "Source": "Repository",
      "Repository": "CRAN",
      "Hash": "d744387aef9047b0b48be2933d78e862",
      "Requirements": [
        "Rcpp"
      ]
    },
    "posterior": {
      "Package": "posterior",
      "Version": "1.4.1",
      "Source": "Repository",
      "Repository": "CRAN",
      "Hash": "7be6f62ae6281e965f09ca8657a066b2",
      "Requirements": [
        "abind",
        "checkmate",
        "distributional",
        "matrixStats",
        "pillar",
        "rlang",
        "tensorA",
        "tibble",
        "vctrs"
      ]
    },
    "prettyunits": {
      "Package": "prettyunits",
      "Version": "1.1.1",
      "Source": "Repository",
      "Repository": "CRAN",
      "Hash": "95ef9167b75dde9d2ccc3c7528393e7e",
      "Requirements": []
    },
    "processx": {
      "Package": "processx",
      "Version": "3.8.2",
      "Source": "Repository",
      "Repository": "CRAN",
      "Hash": "3efbd8ac1be0296a46c55387aeace0f3",
      "Requirements": [
        "R6",
        "ps"
      ]
    },
    "progress": {
      "Package": "progress",
      "Version": "1.2.2",
      "Source": "Repository",
      "Repository": "CRAN",
      "Hash": "14dc9f7a3c91ebb14ec5bb9208a07061",
      "Requirements": [
        "R6",
        "crayon",
        "hms",
        "prettyunits"
      ]
    },
    "promises": {
      "Package": "promises",
      "Version": "1.2.1",
      "Source": "Repository",
      "Repository": "CRAN",
      "Hash": "0d8a15c9d000970ada1ab21405387dee",
      "Requirements": [
        "R6",
        "Rcpp",
        "fastmap",
        "later",
        "magrittr",
        "rlang"
      ]
    },
    "ps": {
      "Package": "ps",
      "Version": "1.7.5",
      "Source": "Repository",
      "Repository": "CRAN",
      "Hash": "709d852d33178db54b17c722e5b1e594",
      "Requirements": []
    },
    "purrr": {
      "Package": "purrr",
      "Version": "1.0.2",
      "Source": "Repository",
      "Repository": "CRAN",
      "Hash": "1cba04a4e9414bdefc9dcaa99649a8dc",
      "Requirements": [
        "cli",
        "lifecycle",
        "magrittr",
        "rlang",
        "vctrs"
      ]
    },
    "quadprog": {
      "Package": "quadprog",
      "Version": "1.5-8",
      "Source": "Repository",
      "Repository": "CRAN",
      "Hash": "5f919ae5e7f83a6f91dcf2288943370d",
      "Requirements": []
    },
    "rappdirs": {
      "Package": "rappdirs",
      "Version": "0.3.3",
      "Source": "Repository",
      "Repository": "CRAN",
      "Hash": "5e3c5dc0b071b21fa128676560dbe94d",
      "Requirements": []
    },
    "renv": {
      "Package": "renv",
      "Version": "0.16.0",
      "Source": "Repository",
      "Repository": "CRAN",
      "Hash": "c9e8442ab69bc21c9697ecf856c1e6c7",
      "Requirements": []
    },
    "reshape2": {
      "Package": "reshape2",
      "Version": "1.4.4",
      "Source": "Repository",
      "Repository": "CRAN",
      "Hash": "bb5996d0bd962d214a11140d77589917",
      "Requirements": [
        "Rcpp",
        "plyr",
        "stringr"
      ]
    },
    "rlang": {
      "Package": "rlang",
      "Version": "1.1.1",
      "Source": "Repository",
      "Repository": "CRAN",
      "Hash": "a85c767b55f0bf9b7ad16c6d7baee5bb",
      "Requirements": []
    },
    "rmarkdown": {
      "Package": "rmarkdown",
      "Version": "2.25",
      "Source": "Repository",
      "Repository": "CRAN",
      "Hash": "d65e35823c817f09f4de424fcdfa812a",
      "Requirements": [
        "bslib",
        "evaluate",
        "fontawesome",
        "htmltools",
        "jquerylib",
        "jsonlite",
        "knitr",
        "stringr",
        "tinytex",
        "xfun",
        "yaml"
      ]
    },
    "rprojroot": {
      "Package": "rprojroot",
      "Version": "2.0.3",
      "Source": "Repository",
      "Repository": "CRAN",
      "Hash": "1de7ab598047a87bba48434ba35d497d",
      "Requirements": []
    },
    "rstan": {
      "Package": "rstan",
      "Version": "2.26.23",
      "Source": "Repository",
      "Repository": "CRAN",
      "Hash": "137e535a84b86280c714315e587a435b",
      "Requirements": [
        "BH",
        "QuickJSR",
        "Rcpp",
        "RcppEigen",
        "RcppParallel",
        "StanHeaders",
        "ggplot2",
        "gridExtra",
        "inline",
        "loo",
        "pkgbuild"
      ]
    },
    "rstantools": {
      "Package": "rstantools",
      "Version": "2.3.1.1",
      "Source": "Repository",
      "Repository": "CRAN",
      "Hash": "32d3b6fe28162eb1c430697f95f40a83",
      "Requirements": [
        "Rcpp",
        "RcppParallel",
        "desc"
      ]
    },
    "rstudioapi": {
      "Package": "rstudioapi",
      "Version": "0.14",
      "Source": "Repository",
      "Repository": "CRAN",
      "Hash": "690bd2acc42a9166ce34845884459320",
      "Requirements": []
    },
    "sass": {
      "Package": "sass",
      "Version": "0.4.7",
      "Source": "Repository",
      "Repository": "CRAN",
      "Hash": "6bd4d33b50ff927191ec9acbf52fd056",
      "Requirements": [
        "R6",
        "fs",
        "htmltools",
        "rappdirs",
        "rlang"
      ]
    },
    "scales": {
      "Package": "scales",
      "Version": "1.2.1",
      "Source": "Repository",
      "Repository": "CRAN",
      "Hash": "906cb23d2f1c5680b8ce439b44c6fa63",
      "Requirements": [
        "R6",
        "RColorBrewer",
        "farver",
        "labeling",
        "lifecycle",
        "munsell",
        "rlang",
        "viridisLite"
      ]
    },
    "shiny": {
      "Package": "shiny",
      "Version": "1.7.5",
      "Source": "Repository",
      "Repository": "CRAN",
      "Hash": "438b99792adbe82a8329ad8697d45afe",
      "Requirements": [
        "R6",
        "bslib",
        "cachem",
        "commonmark",
        "crayon",
        "ellipsis",
        "fastmap",
        "fontawesome",
        "glue",
        "htmltools",
        "httpuv",
        "jsonlite",
        "later",
        "lifecycle",
        "mime",
        "promises",
        "rlang",
        "sourcetools",
        "withr",
        "xtable"
      ]
    },
    "shinyWidgets": {
      "Package": "shinyWidgets",
      "Version": "0.7.5",
      "Source": "Repository",
      "Repository": "CRAN",
      "Hash": "2fb744ccca8ab2b6caf99e15dc5f0146",
      "Requirements": [
        "anytime",
        "bslib",
        "htmltools",
        "jsonlite",
        "rlang",
        "sass",
        "shiny"
      ]
    },
    "shinybusy": {
      "Package": "shinybusy",
      "Version": "0.3.1",
      "Source": "Repository",
      "Repository": "CRAN",
      "Hash": "cf0b9330f677599316a4b36682081e8b",
      "Requirements": [
        "htmltools",
        "htmlwidgets",
        "jsonlite",
        "shiny"
      ]
    },
    "shinyjs": {
      "Package": "shinyjs",
      "Version": "2.1.0",
      "Source": "Repository",
      "Repository": "CRAN",
      "Hash": "802e4786b353a4bb27116957558548d5",
      "Requirements": [
        "digest",
        "jsonlite",
        "shiny"
      ]
    },
    "shinystan": {
      "Package": "shinystan",
      "Version": "2.6.0",
      "Source": "Repository",
      "Repository": "CRAN",
      "Hash": "1f345faf46bb40014c3ccf7f77a75d19",
      "Requirements": [
        "DT",
        "bayesplot",
        "colourpicker",
        "dygraphs",
        "ggplot2",
        "gridExtra",
        "gtools",
        "markdown",
        "reshape2",
        "rstan",
        "shiny",
        "shinyjs",
        "shinythemes",
        "threejs",
        "xtable",
        "xts"
      ]
    },
    "shinythemes": {
      "Package": "shinythemes",
      "Version": "1.2.0",
      "Source": "Repository",
      "Repository": "CRAN",
      "Hash": "30f0ebc41feba25691073626ff5e2cf4",
      "Requirements": [
        "shiny"
      ]
    },
    "sourcetools": {
      "Package": "sourcetools",
      "Version": "0.1.7-1",
      "Source": "Repository",
      "Repository": "CRAN",
      "Hash": "5f5a7629f956619d519205ec475fe647",
      "Requirements": []
    },
    "stringi": {
      "Package": "stringi",
      "Version": "1.7.12",
      "Source": "Repository",
      "Repository": "CRAN",
      "Hash": "ca8bd84263c77310739d2cf64d84d7c9",
      "Requirements": []
    },
    "stringr": {
      "Package": "stringr",
      "Version": "1.5.0",
      "Source": "Repository",
      "Repository": "CRAN",
      "Hash": "671a4d384ae9d32fc47a14e98bfa3dc8",
      "Requirements": [
        "cli",
        "glue",
        "lifecycle",
        "magrittr",
        "rlang",
        "stringi",
        "vctrs"
      ]
    },
    "svUnit": {
      "Package": "svUnit",
      "Version": "1.0.6",
      "Source": "Repository",
      "Repository": "CRAN",
      "Hash": "894d0aff9585344af4ab78e2b4d60ab7",
      "Requirements": []
    },
    "sys": {
      "Package": "sys",
      "Version": "3.4.1",
      "Source": "Repository",
      "Repository": "CRAN",
      "Hash": "34c16f1ef796057bfa06d3f4ff818a5d",
      "Requirements": []
    },
    "tarchetypes": {
      "Package": "tarchetypes",
      "Version": "0.7.8.9000",
      "Source": "GitHub",
      "RemoteType": "github",
      "RemoteHost": "api.github.com",
      "RemoteUsername": "ropensci",
      "RemoteRepo": "tarchetypes",
      "RemoteRef": "main",
      "RemoteSha": "0a112b519ad1a0bef4d43c2d35375d2766f9a8fa",
      "Hash": "dd463473d7eacf852fa35c85b0664a7e",
      "Requirements": [
        "digest",
        "dplyr",
        "fs",
        "rlang",
        "targets",
        "tibble",
        "tidyselect",
        "vctrs",
        "withr"
      ]
    },
    "targets": {
      "Package": "targets",
      "Version": "1.3.0.9001",
      "Source": "GitHub",
      "RemoteType": "github",
      "RemoteHost": "api.github.com",
      "RemoteUsername": "ropensci",
      "RemoteRepo": "targets",
      "RemoteRef": "main",
      "RemoteSha": "d1ce7629d8f58a05310148b9381097803d9a6298",
      "Hash": "b15a2b1d70aecafad3faf02351039416",
      "Requirements": [
        "R6",
        "base64url",
        "callr",
        "cli",
        "codetools",
        "data.table",
        "digest",
        "igraph",
        "knitr",
        "rlang",
        "tibble",
        "tidyselect",
        "vctrs",
        "yaml"
      ]
    },
    "tensorA": {
      "Package": "tensorA",
      "Version": "0.36.2",
      "Source": "Repository",
      "Repository": "CRAN",
      "Hash": "fd792ceac77f96b647fa8d6e1788969a",
      "Requirements": []
    },
    "threejs": {
      "Package": "threejs",
      "Version": "0.3.3",
      "Source": "Repository",
      "Repository": "CRAN",
      "Hash": "2ad32c3a8745e827977f394bc387e3b0",
      "Requirements": [
        "base64enc",
        "crosstalk",
        "htmlwidgets",
        "igraph"
      ]
    },
    "tibble": {
      "Package": "tibble",
      "Version": "3.2.1",
      "Source": "Repository",
      "Repository": "CRAN",
      "Hash": "a84e2cc86d07289b3b6f5069df7a004c",
      "Requirements": [
        "fansi",
        "lifecycle",
        "magrittr",
        "pillar",
        "pkgconfig",
        "rlang",
        "vctrs"
      ]
    },
    "tidybayes": {
      "Package": "tidybayes",
      "Version": "3.0.6",
      "Source": "Repository",
      "Repository": "CRAN",
      "Hash": "3853596458d8b9c81f7b39ee920c5319",
      "Requirements": [
        "arrayhelpers",
        "cli",
        "coda",
        "dplyr",
        "ggdist",
        "ggplot2",
        "magrittr",
        "posterior",
        "rlang",
        "tibble",
        "tidyr",
        "tidyselect",
        "vctrs",
        "withr"
      ]
    },
    "tidyr": {
      "Package": "tidyr",
      "Version": "1.3.0",
      "Source": "Repository",
      "Repository": "CRAN",
      "Hash": "e47debdc7ce599b070c8e78e8ac0cfcf",
      "Requirements": [
        "cli",
        "cpp11",
        "dplyr",
        "glue",
        "lifecycle",
        "magrittr",
        "purrr",
        "rlang",
        "stringr",
        "tibble",
        "tidyselect",
        "vctrs"
      ]
    },
    "tidyselect": {
      "Package": "tidyselect",
      "Version": "1.2.0",
      "Source": "Repository",
      "Repository": "CRAN",
      "Hash": "79540e5fcd9e0435af547d885f184fd5",
      "Requirements": [
        "cli",
        "glue",
        "lifecycle",
        "rlang",
        "vctrs",
        "withr"
      ]
    },
    "tinytex": {
      "Package": "tinytex",
      "Version": "0.46",
      "Source": "Repository",
      "Repository": "CRAN",
      "Hash": "0c41a73214d982f539c56a7773c7afa5",
      "Requirements": [
        "xfun"
      ]
    },
    "trialr": {
      "Package": "trialr",
      "Version": "0.1.6",
      "Source": "Repository",
      "Repository": "CRAN",
      "Hash": "710268a70397c9ce031be7a365d6a990",
      "Requirements": [
        "BH",
        "MASS",
        "Rcpp",
        "RcppEigen",
        "RcppParallel",
        "StanHeaders",
        "binom",
        "coda",
        "dplyr",
        "ggplot2",
        "gtools",
        "magrittr",
        "purrr",
        "rlang",
        "rstan",
        "rstantools",
        "stringr",
        "tibble",
        "tidybayes"
      ]
    },
    "utf8": {
      "Package": "utf8",
      "Version": "1.2.3",
      "Source": "Repository",
      "Repository": "CRAN",
      "Hash": "1fe17157424bb09c48a8b3b550c753bc",
      "Requirements": []
    },
    "vctrs": {
      "Package": "vctrs",
      "Version": "0.6.3",
      "Source": "Repository",
      "Repository": "CRAN",
      "Hash": "d0ef2856b83dc33ea6e255caf6229ee2",
      "Requirements": [
        "cli",
        "glue",
        "lifecycle",
        "rlang"
      ]
    },
    "viridisLite": {
      "Package": "viridisLite",
      "Version": "0.4.2",
      "Source": "Repository",
      "Repository": "CRAN",
      "Hash": "c826c7c4241b6fc89ff55aaea3fa7491",
      "Requirements": []
    },
    "visNetwork": {
      "Package": "visNetwork",
      "Version": "2.1.2",
      "Source": "Repository",
      "Repository": "CRAN",
      "Hash": "3e48b097e8d9a91ecced2ed4817a678d",
      "Requirements": [
        "htmltools",
        "htmlwidgets",
        "jsonlite",
        "magrittr"
      ]
    },
    "waiter": {
      "Package": "waiter",
      "Version": "0.2.5",
      "Source": "Repository",
      "Repository": "CRAN",
      "Hash": "93e6b6c8ae3f81d4be77a0dc74e5cf5e",
      "Requirements": [
        "R6",
        "htmltools",
        "shiny"
      ]
    },
    "withr": {
      "Package": "withr",
      "Version": "2.5.0",
      "Source": "Repository",
      "Repository": "CRAN",
      "Hash": "c0e49a9760983e81e55cdd9be92e7182",
      "Requirements": []
    },
    "xfun": {
      "Package": "xfun",
      "Version": "0.40",
      "Source": "Repository",
      "Repository": "CRAN",
      "Hash": "be07d23211245fc7d4209f54c4e4ffc8",
      "Requirements": []
    },
    "xtable": {
      "Package": "xtable",
      "Version": "1.8-4",
      "Source": "Repository",
      "Repository": "CRAN",
      "Hash": "b8acdf8af494d9ec19ccb2481a9b11c2",
      "Requirements": []
    },
    "xts": {
      "Package": "xts",
      "Version": "0.13.1",
      "Source": "Repository",
      "Repository": "CRAN",
      "Hash": "b8aa1235fd8b0ff10756150b792dc60f",
      "Requirements": [
        "zoo"
      ]
    },
    "yaml": {
      "Package": "yaml",
      "Version": "2.3.7",
      "Source": "Repository",
      "Repository": "CRAN",
      "Hash": "0d0056cc5383fbc240ccd0cb584bf436",
      "Requirements": []
    },
    "zoo": {
      "Package": "zoo",
      "Version": "1.8-12",
      "Source": "Repository",
      "Repository": "CRAN",
      "Hash": "5c715954112b45499fb1dadc6ee6ee3e",
      "Requirements": [
        "lattice"
      ]
    }
  }
}
